# THIS IS AN AUTOGENERATED FILE. DO NOT EDIT THIS FILE DIRECTLY.
# yarn lockfile v1


"@aws-crypto/sha256-browser@5.2.0":
  version "5.2.0"
  resolved "https://registry.yarnpkg.com/@aws-crypto/sha256-browser/-/sha256-browser-5.2.0.tgz#153895ef1dba6f9fce38af550e0ef58988eb649e"
  integrity sha512-AXfN/lGotSQwu6HNcEsIASo7kWXZ5HYWvfOmSNKDsEqC4OashTp8alTmaz+F7TC2L083SFv5RdB+qU3Vs1kZqw==
  dependencies:
    "@aws-crypto/sha256-js" "^5.2.0"
    "@aws-crypto/supports-web-crypto" "^5.2.0"
    "@aws-crypto/util" "^5.2.0"
    "@aws-sdk/types" "^3.222.0"
    "@aws-sdk/util-locate-window" "^3.0.0"
    "@smithy/util-utf8" "^2.0.0"
    tslib "^2.6.2"

"@aws-crypto/sha256-js@5.2.0", "@aws-crypto/sha256-js@^5.2.0":
  version "5.2.0"
  resolved "https://registry.yarnpkg.com/@aws-crypto/sha256-js/-/sha256-js-5.2.0.tgz#c4fdb773fdbed9a664fc1a95724e206cf3860042"
  integrity sha512-FFQQyu7edu4ufvIZ+OadFpHHOt+eSTBaYaki44c+akjg7qZg9oOQeLlk77F6tSYqjDAFClrHJk9tMf0HdVyOvA==
  dependencies:
    "@aws-crypto/util" "^5.2.0"
    "@aws-sdk/types" "^3.222.0"
    tslib "^2.6.2"

"@aws-crypto/supports-web-crypto@^5.2.0":
  version "5.2.0"
  resolved "https://registry.yarnpkg.com/@aws-crypto/supports-web-crypto/-/supports-web-crypto-5.2.0.tgz#a1e399af29269be08e695109aa15da0a07b5b5fb"
  integrity sha512-iAvUotm021kM33eCdNfwIN//F77/IADDSs58i+MDaOqFrVjZo9bAal0NK7HurRuWLLpF1iLX7gbWrjHjeo+YFg==
  dependencies:
    tslib "^2.6.2"

"@aws-crypto/util@^5.2.0":
  version "5.2.0"
  resolved "https://registry.yarnpkg.com/@aws-crypto/util/-/util-5.2.0.tgz#71284c9cffe7927ddadac793c14f14886d3876da"
  integrity sha512-4RkU9EsI6ZpBve5fseQlGNUWKMa1RLPQ1dnjnQoe07ldfIzcsGb5hC5W0Dm7u423KWzawlrpbjXBrXCEv9zazQ==
  dependencies:
    "@aws-sdk/types" "^3.222.0"
    "@smithy/util-utf8" "^2.0.0"
    tslib "^2.6.2"

"@aws-sdk/client-sagemaker@^3.651.1":
  version "3.651.1"
  resolved "https://registry.yarnpkg.com/@aws-sdk/client-sagemaker/-/client-sagemaker-3.651.1.tgz#d77456e2a6d66e39367501e96dfbd5b40f5e81e1"
  integrity sha512-hdLfPjBSHJJ47sSbGzwqMQdHr7RRxDjIXiCVvQnLSmrQSYzREdSG/enDCZMJ5+0qDXP5gzGR1+OcCuea2RI5Ig==
  dependencies:
    "@aws-crypto/sha256-browser" "5.2.0"
    "@aws-crypto/sha256-js" "5.2.0"
    "@aws-sdk/client-sso-oidc" "3.651.1"
    "@aws-sdk/client-sts" "3.651.1"
    "@aws-sdk/core" "3.651.1"
    "@aws-sdk/credential-provider-node" "3.651.1"
    "@aws-sdk/middleware-host-header" "3.649.0"
    "@aws-sdk/middleware-logger" "3.649.0"
    "@aws-sdk/middleware-recursion-detection" "3.649.0"
    "@aws-sdk/middleware-user-agent" "3.649.0"
    "@aws-sdk/region-config-resolver" "3.649.0"
    "@aws-sdk/types" "3.649.0"
    "@aws-sdk/util-endpoints" "3.649.0"
    "@aws-sdk/util-user-agent-browser" "3.649.0"
    "@aws-sdk/util-user-agent-node" "3.649.0"
    "@smithy/config-resolver" "^3.0.6"
    "@smithy/core" "^2.4.1"
    "@smithy/fetch-http-handler" "^3.2.5"
    "@smithy/hash-node" "^3.0.4"
    "@smithy/invalid-dependency" "^3.0.4"
    "@smithy/middleware-content-length" "^3.0.6"
    "@smithy/middleware-endpoint" "^3.1.1"
    "@smithy/middleware-retry" "^3.0.16"
    "@smithy/middleware-serde" "^3.0.4"
    "@smithy/middleware-stack" "^3.0.4"
    "@smithy/node-config-provider" "^3.1.5"
    "@smithy/node-http-handler" "^3.2.0"
    "@smithy/protocol-http" "^4.1.1"
    "@smithy/smithy-client" "^3.3.0"
    "@smithy/types" "^3.4.0"
    "@smithy/url-parser" "^3.0.4"
    "@smithy/util-base64" "^3.0.0"
    "@smithy/util-body-length-browser" "^3.0.0"
    "@smithy/util-body-length-node" "^3.0.0"
    "@smithy/util-defaults-mode-browser" "^3.0.16"
    "@smithy/util-defaults-mode-node" "^3.0.16"
    "@smithy/util-endpoints" "^2.1.0"
    "@smithy/util-middleware" "^3.0.4"
    "@smithy/util-retry" "^3.0.4"
    "@smithy/util-utf8" "^3.0.0"
    "@smithy/util-waiter" "^3.1.3"
    tslib "^2.6.2"
    uuid "^9.0.1"

"@aws-sdk/client-sso-oidc@3.651.1":
  version "3.651.1"
  resolved "https://registry.yarnpkg.com/@aws-sdk/client-sso-oidc/-/client-sso-oidc-3.651.1.tgz#eade611662a4527b2f92cb2740fd0bac5815c195"
  integrity sha512-PKwAyTJW8pgaPIXm708haIZWBAwNycs25yNcD7OQ3NLcmgGxvrx6bSlhPEGcvwdTYwQMJsdx8ls+khlYbLqTvQ==
  dependencies:
    "@aws-crypto/sha256-browser" "5.2.0"
    "@aws-crypto/sha256-js" "5.2.0"
    "@aws-sdk/core" "3.651.1"
    "@aws-sdk/credential-provider-node" "3.651.1"
    "@aws-sdk/middleware-host-header" "3.649.0"
    "@aws-sdk/middleware-logger" "3.649.0"
    "@aws-sdk/middleware-recursion-detection" "3.649.0"
    "@aws-sdk/middleware-user-agent" "3.649.0"
    "@aws-sdk/region-config-resolver" "3.649.0"
    "@aws-sdk/types" "3.649.0"
    "@aws-sdk/util-endpoints" "3.649.0"
    "@aws-sdk/util-user-agent-browser" "3.649.0"
    "@aws-sdk/util-user-agent-node" "3.649.0"
    "@smithy/config-resolver" "^3.0.6"
    "@smithy/core" "^2.4.1"
    "@smithy/fetch-http-handler" "^3.2.5"
    "@smithy/hash-node" "^3.0.4"
    "@smithy/invalid-dependency" "^3.0.4"
    "@smithy/middleware-content-length" "^3.0.6"
    "@smithy/middleware-endpoint" "^3.1.1"
    "@smithy/middleware-retry" "^3.0.16"
    "@smithy/middleware-serde" "^3.0.4"
    "@smithy/middleware-stack" "^3.0.4"
    "@smithy/node-config-provider" "^3.1.5"
    "@smithy/node-http-handler" "^3.2.0"
    "@smithy/protocol-http" "^4.1.1"
    "@smithy/smithy-client" "^3.3.0"
    "@smithy/types" "^3.4.0"
    "@smithy/url-parser" "^3.0.4"
    "@smithy/util-base64" "^3.0.0"
    "@smithy/util-body-length-browser" "^3.0.0"
    "@smithy/util-body-length-node" "^3.0.0"
    "@smithy/util-defaults-mode-browser" "^3.0.16"
    "@smithy/util-defaults-mode-node" "^3.0.16"
    "@smithy/util-endpoints" "^2.1.0"
    "@smithy/util-middleware" "^3.0.4"
    "@smithy/util-retry" "^3.0.4"
    "@smithy/util-utf8" "^3.0.0"
    tslib "^2.6.2"

"@aws-sdk/client-sso@3.651.1":
  version "3.651.1"
  resolved "https://registry.yarnpkg.com/@aws-sdk/client-sso/-/client-sso-3.651.1.tgz#8477ff1126a2816ae84ad27350df7b389597be4b"
  integrity sha512-Fm8PoMgiBKmmKrY6QQUGj/WW6eIiQqC1I0AiVXfO+Sqkmxcg3qex+CZBAYrTuIDnvnc/89f9N4mdL8V9DRn03Q==
  dependencies:
    "@aws-crypto/sha256-browser" "5.2.0"
    "@aws-crypto/sha256-js" "5.2.0"
    "@aws-sdk/core" "3.651.1"
    "@aws-sdk/middleware-host-header" "3.649.0"
    "@aws-sdk/middleware-logger" "3.649.0"
    "@aws-sdk/middleware-recursion-detection" "3.649.0"
    "@aws-sdk/middleware-user-agent" "3.649.0"
    "@aws-sdk/region-config-resolver" "3.649.0"
    "@aws-sdk/types" "3.649.0"
    "@aws-sdk/util-endpoints" "3.649.0"
    "@aws-sdk/util-user-agent-browser" "3.649.0"
    "@aws-sdk/util-user-agent-node" "3.649.0"
    "@smithy/config-resolver" "^3.0.6"
    "@smithy/core" "^2.4.1"
    "@smithy/fetch-http-handler" "^3.2.5"
    "@smithy/hash-node" "^3.0.4"
    "@smithy/invalid-dependency" "^3.0.4"
    "@smithy/middleware-content-length" "^3.0.6"
    "@smithy/middleware-endpoint" "^3.1.1"
    "@smithy/middleware-retry" "^3.0.16"
    "@smithy/middleware-serde" "^3.0.4"
    "@smithy/middleware-stack" "^3.0.4"
    "@smithy/node-config-provider" "^3.1.5"
    "@smithy/node-http-handler" "^3.2.0"
    "@smithy/protocol-http" "^4.1.1"
    "@smithy/smithy-client" "^3.3.0"
    "@smithy/types" "^3.4.0"
    "@smithy/url-parser" "^3.0.4"
    "@smithy/util-base64" "^3.0.0"
    "@smithy/util-body-length-browser" "^3.0.0"
    "@smithy/util-body-length-node" "^3.0.0"
    "@smithy/util-defaults-mode-browser" "^3.0.16"
    "@smithy/util-defaults-mode-node" "^3.0.16"
    "@smithy/util-endpoints" "^2.1.0"
    "@smithy/util-middleware" "^3.0.4"
    "@smithy/util-retry" "^3.0.4"
    "@smithy/util-utf8" "^3.0.0"
    tslib "^2.6.2"

"@aws-sdk/client-sts@3.651.1":
  version "3.651.1"
  resolved "https://registry.yarnpkg.com/@aws-sdk/client-sts/-/client-sts-3.651.1.tgz#c581e43a222f395004a111d566609b366ea4db43"
  integrity sha512-4X2RqLqeDuVLk+Omt4X+h+Fa978Wn+zek/AM4HSPi4C5XzRBEFLRRtOQUvkETvIjbEwTYQhm0LdgzcBH4bUqIg==
  dependencies:
    "@aws-crypto/sha256-browser" "5.2.0"
    "@aws-crypto/sha256-js" "5.2.0"
    "@aws-sdk/client-sso-oidc" "3.651.1"
    "@aws-sdk/core" "3.651.1"
    "@aws-sdk/credential-provider-node" "3.651.1"
    "@aws-sdk/middleware-host-header" "3.649.0"
    "@aws-sdk/middleware-logger" "3.649.0"
    "@aws-sdk/middleware-recursion-detection" "3.649.0"
    "@aws-sdk/middleware-user-agent" "3.649.0"
    "@aws-sdk/region-config-resolver" "3.649.0"
    "@aws-sdk/types" "3.649.0"
    "@aws-sdk/util-endpoints" "3.649.0"
    "@aws-sdk/util-user-agent-browser" "3.649.0"
    "@aws-sdk/util-user-agent-node" "3.649.0"
    "@smithy/config-resolver" "^3.0.6"
    "@smithy/core" "^2.4.1"
    "@smithy/fetch-http-handler" "^3.2.5"
    "@smithy/hash-node" "^3.0.4"
    "@smithy/invalid-dependency" "^3.0.4"
    "@smithy/middleware-content-length" "^3.0.6"
    "@smithy/middleware-endpoint" "^3.1.1"
    "@smithy/middleware-retry" "^3.0.16"
    "@smithy/middleware-serde" "^3.0.4"
    "@smithy/middleware-stack" "^3.0.4"
    "@smithy/node-config-provider" "^3.1.5"
    "@smithy/node-http-handler" "^3.2.0"
    "@smithy/protocol-http" "^4.1.1"
    "@smithy/smithy-client" "^3.3.0"
    "@smithy/types" "^3.4.0"
    "@smithy/url-parser" "^3.0.4"
    "@smithy/util-base64" "^3.0.0"
    "@smithy/util-body-length-browser" "^3.0.0"
    "@smithy/util-body-length-node" "^3.0.0"
    "@smithy/util-defaults-mode-browser" "^3.0.16"
    "@smithy/util-defaults-mode-node" "^3.0.16"
    "@smithy/util-endpoints" "^2.1.0"
    "@smithy/util-middleware" "^3.0.4"
    "@smithy/util-retry" "^3.0.4"
    "@smithy/util-utf8" "^3.0.0"
    tslib "^2.6.2"

"@aws-sdk/core@3.651.1":
  version "3.651.1"
  resolved "https://registry.yarnpkg.com/@aws-sdk/core/-/core-3.651.1.tgz#75208b46b4b450a58ae48812fef9279a038246ef"
  integrity sha512-eqOq3W39K+5QTP5GAXtmP2s9B7hhM2pVz8OPe5tqob8o1xQgkwdgHerf3FoshO9bs0LDxassU/fUSz1wlwqfqg==
  dependencies:
    "@smithy/core" "^2.4.1"
    "@smithy/node-config-provider" "^3.1.5"
    "@smithy/property-provider" "^3.1.4"
    "@smithy/protocol-http" "^4.1.1"
    "@smithy/signature-v4" "^4.1.1"
    "@smithy/smithy-client" "^3.3.0"
    "@smithy/types" "^3.4.0"
    "@smithy/util-middleware" "^3.0.4"
    fast-xml-parser "4.4.1"
    tslib "^2.6.2"

"@aws-sdk/credential-provider-env@3.649.0":
  version "3.649.0"
  resolved "https://registry.yarnpkg.com/@aws-sdk/credential-provider-env/-/credential-provider-env-3.649.0.tgz#8832e8a3b396c54c3663c2730e41746969fb7e49"
  integrity sha512-tViwzM1dauksA3fdRjsg0T8mcHklDa8EfveyiQKK6pUJopkqV6FQx+X5QNda0t/LrdEVlFZvwHNdXqOEfc83TA==
  dependencies:
    "@aws-sdk/types" "3.649.0"
    "@smithy/property-provider" "^3.1.4"
    "@smithy/types" "^3.4.0"
    tslib "^2.6.2"

"@aws-sdk/credential-provider-http@3.649.0":
  version "3.649.0"
  resolved "https://registry.yarnpkg.com/@aws-sdk/credential-provider-http/-/credential-provider-http-3.649.0.tgz#5c7f8556ea79f23435b0b637a96acf7367df9469"
  integrity sha512-ODAJ+AJJq6ozbns6ejGbicpsQ0dyMOpnGlg0J9J0jITQ05DKQZ581hdB8APDOZ9N8FstShP6dLZflSj8jb5fNA==
  dependencies:
    "@aws-sdk/types" "3.649.0"
    "@smithy/fetch-http-handler" "^3.2.5"
    "@smithy/node-http-handler" "^3.2.0"
    "@smithy/property-provider" "^3.1.4"
    "@smithy/protocol-http" "^4.1.1"
    "@smithy/smithy-client" "^3.3.0"
    "@smithy/types" "^3.4.0"
    "@smithy/util-stream" "^3.1.4"
    tslib "^2.6.2"

"@aws-sdk/credential-provider-ini@3.651.1":
  version "3.651.1"
  resolved "https://registry.yarnpkg.com/@aws-sdk/credential-provider-ini/-/credential-provider-ini-3.651.1.tgz#09ee9abfd06c43ead021a1c051ef980292a796cc"
  integrity sha512-yOzPC3GbwLZ8IYzke4fy70ievmunnBUni/MOXFE8c9kAIV+/RMC7IWx14nAAZm0gAcY+UtCXvBVZprFqmctfzA==
  dependencies:
    "@aws-sdk/credential-provider-env" "3.649.0"
    "@aws-sdk/credential-provider-http" "3.649.0"
    "@aws-sdk/credential-provider-process" "3.649.0"
    "@aws-sdk/credential-provider-sso" "3.651.1"
    "@aws-sdk/credential-provider-web-identity" "3.649.0"
    "@aws-sdk/types" "3.649.0"
    "@smithy/credential-provider-imds" "^3.2.1"
    "@smithy/property-provider" "^3.1.4"
    "@smithy/shared-ini-file-loader" "^3.1.5"
    "@smithy/types" "^3.4.0"
    tslib "^2.6.2"

"@aws-sdk/credential-provider-node@3.651.1":
  version "3.651.1"
  resolved "https://registry.yarnpkg.com/@aws-sdk/credential-provider-node/-/credential-provider-node-3.651.1.tgz#bb45097e9f46d7a1251189611547e0a67ec600b6"
  integrity sha512-QKA74Qs83FTUz3jS39kBuNbLAnm6cgDqomm7XS/BkYgtUq+1lI9WL97astNIuoYvumGIS58kuIa+I3ycOA4wgw==
  dependencies:
    "@aws-sdk/credential-provider-env" "3.649.0"
    "@aws-sdk/credential-provider-http" "3.649.0"
    "@aws-sdk/credential-provider-ini" "3.651.1"
    "@aws-sdk/credential-provider-process" "3.649.0"
    "@aws-sdk/credential-provider-sso" "3.651.1"
    "@aws-sdk/credential-provider-web-identity" "3.649.0"
    "@aws-sdk/types" "3.649.0"
    "@smithy/credential-provider-imds" "^3.2.1"
    "@smithy/property-provider" "^3.1.4"
    "@smithy/shared-ini-file-loader" "^3.1.5"
    "@smithy/types" "^3.4.0"
    tslib "^2.6.2"

"@aws-sdk/credential-provider-process@3.649.0":
  version "3.649.0"
  resolved "https://registry.yarnpkg.com/@aws-sdk/credential-provider-process/-/credential-provider-process-3.649.0.tgz#9924873a68cfec037c83f7bebf113ad86098bc79"
  integrity sha512-6VYPQpEVpU+6DDS/gLoI40ppuNM5RPIEprK30qZZxnhTr5wyrGOeJ7J7wbbwPOZ5dKwta290BiJDU2ipV8Y9BQ==
  dependencies:
    "@aws-sdk/types" "3.649.0"
    "@smithy/property-provider" "^3.1.4"
    "@smithy/shared-ini-file-loader" "^3.1.5"
    "@smithy/types" "^3.4.0"
    tslib "^2.6.2"

"@aws-sdk/credential-provider-sso@3.651.1":
  version "3.651.1"
  resolved "https://registry.yarnpkg.com/@aws-sdk/credential-provider-sso/-/credential-provider-sso-3.651.1.tgz#3bce4f57a7f34f1d0e75808420233f40e25f28b7"
  integrity sha512-7jeU+Jbn65aDaNjkjWDQcXwjNTzpYNKovkSSRmfVpP5WYiKerVS5mrfg3RiBeiArou5igCUtYcOKlRJiGRO47g==
  dependencies:
    "@aws-sdk/client-sso" "3.651.1"
    "@aws-sdk/token-providers" "3.649.0"
    "@aws-sdk/types" "3.649.0"
    "@smithy/property-provider" "^3.1.4"
    "@smithy/shared-ini-file-loader" "^3.1.5"
    "@smithy/types" "^3.4.0"
    tslib "^2.6.2"

"@aws-sdk/credential-provider-web-identity@3.649.0":
  version "3.649.0"
  resolved "https://registry.yarnpkg.com/@aws-sdk/credential-provider-web-identity/-/credential-provider-web-identity-3.649.0.tgz#9b111964076ba238640c0a6338e5f6740d2d4510"
  integrity sha512-XVk3WsDa0g3kQFPmnCH/LaCtGY/0R2NDv7gscYZSXiBZcG/fixasglTprgWSp8zcA0t7tEIGu9suyjz8ZwhymQ==
  dependencies:
    "@aws-sdk/types" "3.649.0"
    "@smithy/property-provider" "^3.1.4"
    "@smithy/types" "^3.4.0"
    tslib "^2.6.2"

"@aws-sdk/middleware-host-header@3.649.0":
  version "3.649.0"
  resolved "https://registry.yarnpkg.com/@aws-sdk/middleware-host-header/-/middleware-host-header-3.649.0.tgz#ab7929cbf19ef9aeda0a16982a4753d0c5201822"
  integrity sha512-PjAe2FocbicHVgNNwdSZ05upxIO7AgTPFtQLpnIAmoyzMcgv/zNB5fBn3uAnQSAeEPPCD+4SYVEUD1hw1ZBvEg==
  dependencies:
    "@aws-sdk/types" "3.649.0"
    "@smithy/protocol-http" "^4.1.1"
    "@smithy/types" "^3.4.0"
    tslib "^2.6.2"

"@aws-sdk/middleware-logger@3.649.0":
  version "3.649.0"
  resolved "https://registry.yarnpkg.com/@aws-sdk/middleware-logger/-/middleware-logger-3.649.0.tgz#6de0f7015b1039e23c0f008516a8492a334ac33e"
  integrity sha512-qdqRx6q7lYC6KL/NT9x3ShTL0TBuxdkCczGzHzY3AnOoYUjnCDH7Vlq867O6MAvb4EnGNECFzIgtkZkQ4FhY5w==
  dependencies:
    "@aws-sdk/types" "3.649.0"
    "@smithy/types" "^3.4.0"
    tslib "^2.6.2"

"@aws-sdk/middleware-recursion-detection@3.649.0":
  version "3.649.0"
  resolved "https://registry.yarnpkg.com/@aws-sdk/middleware-recursion-detection/-/middleware-recursion-detection-3.649.0.tgz#1b4ed4d96aadaa18ee7900c5f8c8a7f91a49077e"
  integrity sha512-IPnO4wlmaLRf6IYmJW2i8gJ2+UPXX0hDRv1it7Qf8DpBW+lGyF2rnoN7NrFX0WIxdGOlJF1RcOr/HjXb2QeXfQ==
  dependencies:
    "@aws-sdk/types" "3.649.0"
    "@smithy/protocol-http" "^4.1.1"
    "@smithy/types" "^3.4.0"
    tslib "^2.6.2"

"@aws-sdk/middleware-user-agent@3.649.0":
  version "3.649.0"
  resolved "https://registry.yarnpkg.com/@aws-sdk/middleware-user-agent/-/middleware-user-agent-3.649.0.tgz#16be52850fd754797aeb0633232b41fd1504dd89"
  integrity sha512-q6sO10dnCXoxe9thobMJxekhJumzd1j6dxcE1+qJdYKHJr6yYgWbogJqrLCpWd30w0lEvnuAHK8lN2kWLdJxJw==
  dependencies:
    "@aws-sdk/types" "3.649.0"
    "@aws-sdk/util-endpoints" "3.649.0"
    "@smithy/protocol-http" "^4.1.1"
    "@smithy/types" "^3.4.0"
    tslib "^2.6.2"

"@aws-sdk/region-config-resolver@3.649.0":
  version "3.649.0"
  resolved "https://registry.yarnpkg.com/@aws-sdk/region-config-resolver/-/region-config-resolver-3.649.0.tgz#bb45a3c4c53f80ad0c66d6f6dc62223eb8af5656"
  integrity sha512-xURBvdQXvRvca5Du8IlC5FyCj3pkw8Z75+373J3Wb+vyg8GjD14HfKk1Je1HCCQDyIE9VB/scYDcm9ri0ppePw==
  dependencies:
    "@aws-sdk/types" "3.649.0"
    "@smithy/node-config-provider" "^3.1.5"
    "@smithy/types" "^3.4.0"
    "@smithy/util-config-provider" "^3.0.0"
    "@smithy/util-middleware" "^3.0.4"
    tslib "^2.6.2"

"@aws-sdk/token-providers@3.649.0":
  version "3.649.0"
  resolved "https://registry.yarnpkg.com/@aws-sdk/token-providers/-/token-providers-3.649.0.tgz#19a9bb26c191e4fe761f73a2f818cda2554a7767"
  integrity sha512-ZBqr+JuXI9RiN+4DSZykMx5gxpL8Dr3exIfFhxMiwAP3DQojwl0ub8ONjMuAjq9OvmX6n+jHZL6fBnNgnNFC8w==
  dependencies:
    "@aws-sdk/types" "3.649.0"
    "@smithy/property-provider" "^3.1.4"
    "@smithy/shared-ini-file-loader" "^3.1.5"
    "@smithy/types" "^3.4.0"
    tslib "^2.6.2"

"@aws-sdk/types@3.649.0", "@aws-sdk/types@^3.222.0":
  version "3.649.0"
  resolved "https://registry.yarnpkg.com/@aws-sdk/types/-/types-3.649.0.tgz#a6828e6338dc755e0c30b5f77321e63425a88aed"
  integrity sha512-PuPw8RysbhJNlaD2d/PzOTf8sbf4Dsn2b7hwyGh7YVG3S75yTpxSAZxrnhKsz9fStgqFmnw/jUfV/G+uQAeTVw==
  dependencies:
    "@smithy/types" "^3.4.0"
    tslib "^2.6.2"

"@aws-sdk/util-endpoints@3.649.0":
  version "3.649.0"
  resolved "https://registry.yarnpkg.com/@aws-sdk/util-endpoints/-/util-endpoints-3.649.0.tgz#0f359a87ddbe8a4dbce11a8f7f9e295a3b9e6612"
  integrity sha512-bZI1Wc3R/KibdDVWFxX/N4AoJFG4VJ92Dp4WYmOrVD6VPkb8jPz7ZeiYc7YwPl8NoDjYyPneBV0lEoK/V8OKAA==
  dependencies:
    "@aws-sdk/types" "3.649.0"
    "@smithy/types" "^3.4.0"
    "@smithy/util-endpoints" "^2.1.0"
    tslib "^2.6.2"

"@aws-sdk/util-locate-window@^3.0.0":
  version "3.568.0"
  resolved "https://registry.yarnpkg.com/@aws-sdk/util-locate-window/-/util-locate-window-3.568.0.tgz#2acc4b2236af0d7494f7e517401ba6b3c4af11ff"
  integrity sha512-3nh4TINkXYr+H41QaPelCceEB2FXP3fxp93YZXB/kqJvX0U9j0N0Uk45gvsjmEPzG8XxkPEeLIfT2I1M7A6Lig==
  dependencies:
    tslib "^2.6.2"

"@aws-sdk/util-user-agent-browser@3.649.0":
  version "3.649.0"
  resolved "https://registry.yarnpkg.com/@aws-sdk/util-user-agent-browser/-/util-user-agent-browser-3.649.0.tgz#fa533fe882757f82b7b9f2927dda8111f3601b33"
  integrity sha512-IY43r256LhKAvdEVQO/FPdUyVpcZS5EVxh/WHVdNzuN1bNLoUK2rIzuZqVA0EGguvCxoXVmQv9m50GvG7cGktg==
  dependencies:
    "@aws-sdk/types" "3.649.0"
    "@smithy/types" "^3.4.0"
    bowser "^2.11.0"
    tslib "^2.6.2"

"@aws-sdk/util-user-agent-node@3.649.0":
  version "3.649.0"
  resolved "https://registry.yarnpkg.com/@aws-sdk/util-user-agent-node/-/util-user-agent-node-3.649.0.tgz#715e490b190fe7fb7df0d83be7e84a31be99cb11"
  integrity sha512-x5DiLpZDG/AJmCIBnE3Xhpwy35QIo3WqNiOpw6ExVs1NydbM/e90zFPSfhME0FM66D/WorigvluBxxwjxDm/GA==
  dependencies:
    "@aws-sdk/types" "3.649.0"
    "@smithy/node-config-provider" "^3.1.5"
    "@smithy/types" "^3.4.0"
    tslib "^2.6.2"

"@smithy/abort-controller@^3.1.4":
  version "3.1.4"
  resolved "https://registry.yarnpkg.com/@smithy/abort-controller/-/abort-controller-3.1.4.tgz#7cb22871f7392319c565d1d9ab3cb04e635c4dd9"
  integrity sha512-VupaALAQlXViW3/enTf/f5l5JZYSAxoJL7f0nanhNNKnww6DGCg1oYIuNP78KDugnkwthBO6iEcym16HhWV8RQ==
  dependencies:
    "@smithy/types" "^3.4.2"
    tslib "^2.6.2"

"@smithy/config-resolver@^3.0.6", "@smithy/config-resolver@^3.0.8":
  version "3.0.8"
  resolved "https://registry.yarnpkg.com/@smithy/config-resolver/-/config-resolver-3.0.8.tgz#8717ea934f1d72474a709fc3535d7b8a11de2e33"
  integrity sha512-Tv1obAC18XOd2OnDAjSWmmthzx6Pdeh63FbLin8MlPiuJ2ATpKkq0NcNOJFr0dO+JmZXnwu8FQxKJ3TKJ3Hulw==
  dependencies:
    "@smithy/node-config-provider" "^3.1.7"
    "@smithy/types" "^3.4.2"
    "@smithy/util-config-provider" "^3.0.0"
    "@smithy/util-middleware" "^3.0.6"
    tslib "^2.6.2"

"@smithy/core@^2.4.1":
  version "2.4.3"
  resolved "https://registry.yarnpkg.com/@smithy/core/-/core-2.4.3.tgz#18344c2ff63f748f625ebc5171755816f3043849"
  integrity sha512-4LTusLqFMRVQUfC3RNuTg6IzYTeJNpydRdTKq7J5wdEyIRQSu3rGIa3s80mgG2hhe6WOZl9IqTSo1pgbn6EHhA==
  dependencies:
    "@smithy/middleware-endpoint" "^3.1.3"
    "@smithy/middleware-retry" "^3.0.18"
    "@smithy/middleware-serde" "^3.0.6"
    "@smithy/protocol-http" "^4.1.3"
    "@smithy/smithy-client" "^3.3.2"
    "@smithy/types" "^3.4.2"
    "@smithy/util-body-length-browser" "^3.0.0"
    "@smithy/util-middleware" "^3.0.6"
    "@smithy/util-utf8" "^3.0.0"
    tslib "^2.6.2"

"@smithy/credential-provider-imds@^3.2.1", "@smithy/credential-provider-imds@^3.2.3":
  version "3.2.3"
  resolved "https://registry.yarnpkg.com/@smithy/credential-provider-imds/-/credential-provider-imds-3.2.3.tgz#93314e58e4f81f2b641de6efac037c7a3250c050"
  integrity sha512-VoxMzSzdvkkjMJNE38yQgx4CfnmT+Z+5EUXkg4x7yag93eQkVQgZvN3XBSHC/ylfBbLbAtdu7flTCChX9I+mVg==
  dependencies:
    "@smithy/node-config-provider" "^3.1.7"
    "@smithy/property-provider" "^3.1.6"
    "@smithy/types" "^3.4.2"
    "@smithy/url-parser" "^3.0.6"
    tslib "^2.6.2"

"@smithy/fetch-http-handler@^3.2.5", "@smithy/fetch-http-handler@^3.2.7":
  version "3.2.7"
  resolved "https://registry.yarnpkg.com/@smithy/fetch-http-handler/-/fetch-http-handler-3.2.7.tgz#30520ca939fb817d3eb3ab9445ddc0f6c1df2960"
  integrity sha512-Ra6IPI1spYLO+t62/3jQbodjOwAbto9wlpJdHZwkycm0Kit+GVpzHW/NMmSgY4rK1bjJ4qLAmCnaBzePO5Nkkg==
  dependencies:
    "@smithy/protocol-http" "^4.1.3"
    "@smithy/querystring-builder" "^3.0.6"
    "@smithy/types" "^3.4.2"
    "@smithy/util-base64" "^3.0.0"
    tslib "^2.6.2"

"@smithy/hash-node@^3.0.4":
  version "3.0.6"
  resolved "https://registry.yarnpkg.com/@smithy/hash-node/-/hash-node-3.0.6.tgz#7c1a869afcbd411eac04c4777dd193ea7ac4e588"
  integrity sha512-c/FHEdKK/7DU2z6ZE91L36ahyXWayR3B+FzELjnYq7wH5YqIseM24V+pWCS9kFn1Ln8OFGTf+pyYPiHZuX0s/Q==
  dependencies:
    "@smithy/types" "^3.4.2"
    "@smithy/util-buffer-from" "^3.0.0"
    "@smithy/util-utf8" "^3.0.0"
    tslib "^2.6.2"

"@smithy/invalid-dependency@^3.0.4":
  version "3.0.6"
  resolved "https://registry.yarnpkg.com/@smithy/invalid-dependency/-/invalid-dependency-3.0.6.tgz#3b3e30a55b92341412626b412fe919929871eeb1"
  integrity sha512-czM7Ioq3s8pIXht7oD+vmgy4Wfb4XavU/k/irO8NdXFFOx7YAlsCCcKOh/lJD1mJSYQqiR7NmpZ9JviryD/7AQ==
  dependencies:
    "@smithy/types" "^3.4.2"
    tslib "^2.6.2"

"@smithy/is-array-buffer@^2.2.0":
  version "2.2.0"
  resolved "https://registry.yarnpkg.com/@smithy/is-array-buffer/-/is-array-buffer-2.2.0.tgz#f84f0d9f9a36601a9ca9381688bd1b726fd39111"
  integrity sha512-GGP3O9QFD24uGeAXYUjwSTXARoqpZykHadOmA8G5vfJPK0/DC67qa//0qvqrJzL1xc8WQWX7/yc7fwudjPHPhA==
  dependencies:
    tslib "^2.6.2"

"@smithy/is-array-buffer@^3.0.0":
  version "3.0.0"
  resolved "https://registry.yarnpkg.com/@smithy/is-array-buffer/-/is-array-buffer-3.0.0.tgz#9a95c2d46b8768946a9eec7f935feaddcffa5e7a"
  integrity sha512-+Fsu6Q6C4RSJiy81Y8eApjEB5gVtM+oFKTffg+jSuwtvomJJrhUJBu2zS8wjXSgH/g1MKEWrzyChTBe6clb5FQ==
  dependencies:
    tslib "^2.6.2"

"@smithy/middleware-content-length@^3.0.6":
  version "3.0.8"
  resolved "https://registry.yarnpkg.com/@smithy/middleware-content-length/-/middleware-content-length-3.0.8.tgz#4e1c1631718e4d6dfe9a06f37faa90de92e884ed"
  integrity sha512-VuyszlSO49WKh3H9/kIO2kf07VUwGV80QRiaDxUfP8P8UKlokz381ETJvwLhwuypBYhLymCYyNhB3fLAGBX2og==
  dependencies:
    "@smithy/protocol-http" "^4.1.3"
    "@smithy/types" "^3.4.2"
    tslib "^2.6.2"

"@smithy/middleware-endpoint@^3.1.1", "@smithy/middleware-endpoint@^3.1.3":
  version "3.1.3"
  resolved "https://registry.yarnpkg.com/@smithy/middleware-endpoint/-/middleware-endpoint-3.1.3.tgz#8c84d40c9d26b77e2bbb99721fd4a3d379828505"
  integrity sha512-KeM/OrK8MVFUsoJsmCN0MZMVPjKKLudn13xpgwIMpGTYpA8QZB2Xq5tJ+RE6iu3A6NhOI4VajDTwBsm8pwwrhg==
  dependencies:
    "@smithy/middleware-serde" "^3.0.6"
    "@smithy/node-config-provider" "^3.1.7"
    "@smithy/shared-ini-file-loader" "^3.1.7"
    "@smithy/types" "^3.4.2"
    "@smithy/url-parser" "^3.0.6"
    "@smithy/util-middleware" "^3.0.6"
    tslib "^2.6.2"

"@smithy/middleware-retry@^3.0.16", "@smithy/middleware-retry@^3.0.18":
  version "3.0.18"
  resolved "https://registry.yarnpkg.com/@smithy/middleware-retry/-/middleware-retry-3.0.18.tgz#58372e264ca0c3a35f0526c531eb433ed8472df0"
  integrity sha512-YU1o/vYob6vlqZdd97MN8cSXRToknLXhFBL3r+c9CZcnxkO/rgNZ++CfgX2vsmnEKvlqdi26+SRtSzlVp5z6Mg==
  dependencies:
    "@smithy/node-config-provider" "^3.1.7"
    "@smithy/protocol-http" "^4.1.3"
    "@smithy/service-error-classification" "^3.0.6"
    "@smithy/smithy-client" "^3.3.2"
    "@smithy/types" "^3.4.2"
    "@smithy/util-middleware" "^3.0.6"
    "@smithy/util-retry" "^3.0.6"
    tslib "^2.6.2"
    uuid "^9.0.1"

"@smithy/middleware-serde@^3.0.4", "@smithy/middleware-serde@^3.0.6":
  version "3.0.6"
  resolved "https://registry.yarnpkg.com/@smithy/middleware-serde/-/middleware-serde-3.0.6.tgz#9f7a9c152989b59c12865ef3a17acbdb7b6a1566"
  integrity sha512-KKTUSl1MzOM0MAjGbudeaVNtIDo+PpekTBkCNwvfZlKndodrnvRo+00USatiyLOc0ujjO9UydMRu3O9dYML7ag==
  dependencies:
    "@smithy/types" "^3.4.2"
    tslib "^2.6.2"

"@smithy/middleware-stack@^3.0.4", "@smithy/middleware-stack@^3.0.6":
  version "3.0.6"
  resolved "https://registry.yarnpkg.com/@smithy/middleware-stack/-/middleware-stack-3.0.6.tgz#e63d09b3e292b7a46ac3b9eb482973701de15a6f"
  integrity sha512-2c0eSYhTQ8xQqHMcRxLMpadFbTXg6Zla5l0mwNftFCZMQmuhI7EbAJMx6R5eqfuV3YbJ3QGyS3d5uSmrHV8Khg==
  dependencies:
    "@smithy/types" "^3.4.2"
    tslib "^2.6.2"

"@smithy/node-config-provider@^3.1.5", "@smithy/node-config-provider@^3.1.7":
  version "3.1.7"
  resolved "https://registry.yarnpkg.com/@smithy/node-config-provider/-/node-config-provider-3.1.7.tgz#6ae71aeff45e8c9792720986f0b1623cf6da671f"
  integrity sha512-g3mfnC3Oo8pOI0dYuPXLtdW1WGVb3bR2tkV21GNkm0ZvQjLTtamXAwCWt/FCb0HGvKt3gHHmF1XerG0ICfalOg==
  dependencies:
    "@smithy/property-provider" "^3.1.6"
    "@smithy/shared-ini-file-loader" "^3.1.7"
    "@smithy/types" "^3.4.2"
    tslib "^2.6.2"

"@smithy/node-http-handler@^3.2.0", "@smithy/node-http-handler@^3.2.2":
  version "3.2.2"
  resolved "https://registry.yarnpkg.com/@smithy/node-http-handler/-/node-http-handler-3.2.2.tgz#1e659d52ba4d27123efc7b8a5c1abe76f97ea915"
  integrity sha512-42Cy4/oT2O+00aiG1iQ7Kd7rE6q8j7vI0gFfnMlUiATvyo8vefJkhb7O10qZY0jAqo5WZdUzfl9IV6wQ3iMBCg==
  dependencies:
    "@smithy/abort-controller" "^3.1.4"
    "@smithy/protocol-http" "^4.1.3"
    "@smithy/querystring-builder" "^3.0.6"
    "@smithy/types" "^3.4.2"
    tslib "^2.6.2"

"@smithy/property-provider@^3.1.4", "@smithy/property-provider@^3.1.6":
  version "3.1.6"
  resolved "https://registry.yarnpkg.com/@smithy/property-provider/-/property-provider-3.1.6.tgz#141a245ad8cac074d29a836ec992ef7dc3363bf7"
  integrity sha512-NK3y/T7Q/Bw+Z8vsVs9MYIQ5v7gOX7clyrXcwhhIBQhbPgRl6JDrZbusO9qWDhcEus75Tg+VCxtIRfo3H76fpw==
  dependencies:
    "@smithy/types" "^3.4.2"
    tslib "^2.6.2"

"@smithy/protocol-http@^4.1.1", "@smithy/protocol-http@^4.1.3":
  version "4.1.3"
  resolved "https://registry.yarnpkg.com/@smithy/protocol-http/-/protocol-http-4.1.3.tgz#91d894ec7d82c012c5674cb3e209800852f05abd"
  integrity sha512-GcbMmOYpH9iRqtC05RbRnc/0FssxSTHlmaNhYBTgSgNCYpdR3Kt88u5GAZTBmouzv+Zlj/VRv92J9ruuDeJuEw==
  dependencies:
    "@smithy/types" "^3.4.2"
    tslib "^2.6.2"

"@smithy/querystring-builder@^3.0.6":
  version "3.0.6"
  resolved "https://registry.yarnpkg.com/@smithy/querystring-builder/-/querystring-builder-3.0.6.tgz#bcb718b860697dca5257ca38dc8041a4696c486f"
  integrity sha512-sQe08RunoObe+Usujn9+R2zrLuQERi3CWvRO3BvnoWSYUaIrLKuAIeY7cMeDax6xGyfIP3x/yFWbEKSXvOnvVg==
  dependencies:
    "@smithy/types" "^3.4.2"
    "@smithy/util-uri-escape" "^3.0.0"
    tslib "^2.6.2"

"@smithy/querystring-parser@^3.0.6":
  version "3.0.6"
  resolved "https://registry.yarnpkg.com/@smithy/querystring-parser/-/querystring-parser-3.0.6.tgz#f30e7e244fa674d77bdfd3c65481c5dc0aa083ef"
  integrity sha512-UJKw4LlEkytzz2Wq+uIdHf6qOtFfee/o7ruH0jF5I6UAuU+19r9QV7nU3P/uI0l6+oElRHmG/5cBBcGJrD7Ozg==
  dependencies:
    "@smithy/types" "^3.4.2"
    tslib "^2.6.2"

"@smithy/service-error-classification@^3.0.6":
  version "3.0.6"
  resolved "https://registry.yarnpkg.com/@smithy/service-error-classification/-/service-error-classification-3.0.6.tgz#e0ca00b79d9ccf00795284e01cfdc48b43b81d76"
  integrity sha512-53SpchU3+DUZrN7J6sBx9tBiCVGzsib2e4sc512Q7K9fpC5zkJKs6Z9s+qbMxSYrkEkle6hnMtrts7XNkMJJMg==
  dependencies:
    "@smithy/types" "^3.4.2"

"@smithy/shared-ini-file-loader@^3.1.5", "@smithy/shared-ini-file-loader@^3.1.7":
  version "3.1.7"
  resolved "https://registry.yarnpkg.com/@smithy/shared-ini-file-loader/-/shared-ini-file-loader-3.1.7.tgz#bdcf3f0213c3c5779c3fbb41580e9a217ad52e8f"
  integrity sha512-IA4K2qTJYXkF5OfVN4vsY1hfnUZjaslEE8Fsr/gGFza4TAC2A9NfnZuSY2srQIbt9bwtjHiAayrRVgKse4Q7fA==
  dependencies:
    "@smithy/types" "^3.4.2"
    tslib "^2.6.2"

"@smithy/signature-v4@^4.1.1":
  version "4.1.3"
  resolved "https://registry.yarnpkg.com/@smithy/signature-v4/-/signature-v4-4.1.3.tgz#1a5adc19563b8cf8f28ae1ada4d6cda7d351943d"
  integrity sha512-YD2KYSCEEeFHcWZ1E3mLdAaHl8T/TANh6XwmocQ6nPcTdBfh4N5fusgnblnWDlnlU1/cUqEq3PiGi22GmT2Lkg==
  dependencies:
    "@smithy/is-array-buffer" "^3.0.0"
    "@smithy/protocol-http" "^4.1.3"
    "@smithy/types" "^3.4.2"
    "@smithy/util-hex-encoding" "^3.0.0"
    "@smithy/util-middleware" "^3.0.6"
    "@smithy/util-uri-escape" "^3.0.0"
    "@smithy/util-utf8" "^3.0.0"
    tslib "^2.6.2"

"@smithy/smithy-client@^3.3.0", "@smithy/smithy-client@^3.3.2":
  version "3.3.2"
  resolved "https://registry.yarnpkg.com/@smithy/smithy-client/-/smithy-client-3.3.2.tgz#0c5511525f3e64ac5132d513c38d5d0d4a770719"
  integrity sha512-RKDfhF2MTwXl7jan5d7QfS9eCC6XJbO3H+EZAvLQN8A5in4ib2Ml4zoeLo57w9QrqFekBPcsoC2hW3Ekw4vQ9Q==
  dependencies:
    "@smithy/middleware-endpoint" "^3.1.3"
    "@smithy/middleware-stack" "^3.0.6"
    "@smithy/protocol-http" "^4.1.3"
    "@smithy/types" "^3.4.2"
    "@smithy/util-stream" "^3.1.6"
    tslib "^2.6.2"

"@smithy/types@^3.4.0", "@smithy/types@^3.4.2":
  version "3.4.2"
  resolved "https://registry.yarnpkg.com/@smithy/types/-/types-3.4.2.tgz#aa2d087922d57205dbad68df8a45c848699c551e"
  integrity sha512-tHiFcfcVedVBHpmHUEUHOCCih8iZbIAYn9NvPsNzaPm/237I3imdDdZoOC8c87H5HBAVEa06tTgb+OcSWV9g5w==
  dependencies:
    tslib "^2.6.2"

"@smithy/url-parser@^3.0.4", "@smithy/url-parser@^3.0.6":
  version "3.0.6"
  resolved "https://registry.yarnpkg.com/@smithy/url-parser/-/url-parser-3.0.6.tgz#98b426f9a492e0c992fcd5dceac35444c2632837"
  integrity sha512-47Op/NU8Opt49KyGpHtVdnmmJMsp2hEwBdyjuFB9M2V5QVOwA7pBhhxKN5z6ztKGrMw76gd8MlbPuzzvaAncuQ==
  dependencies:
    "@smithy/querystring-parser" "^3.0.6"
    "@smithy/types" "^3.4.2"
    tslib "^2.6.2"

"@smithy/util-base64@^3.0.0":
  version "3.0.0"
  resolved "https://registry.yarnpkg.com/@smithy/util-base64/-/util-base64-3.0.0.tgz#f7a9a82adf34e27a72d0719395713edf0e493017"
  integrity sha512-Kxvoh5Qtt0CDsfajiZOCpJxgtPHXOKwmM+Zy4waD43UoEMA+qPxxa98aE/7ZhdnBFZFXMOiBR5xbcaMhLtznQQ==
  dependencies:
    "@smithy/util-buffer-from" "^3.0.0"
    "@smithy/util-utf8" "^3.0.0"
    tslib "^2.6.2"

"@smithy/util-body-length-browser@^3.0.0":
  version "3.0.0"
  resolved "https://registry.yarnpkg.com/@smithy/util-body-length-browser/-/util-body-length-browser-3.0.0.tgz#86ec2f6256310b4845a2f064e2f571c1ca164ded"
  integrity sha512-cbjJs2A1mLYmqmyVl80uoLTJhAcfzMOyPgjwAYusWKMdLeNtzmMz9YxNl3/jRLoxSS3wkqkf0jwNdtXWtyEBaQ==
  dependencies:
    tslib "^2.6.2"

"@smithy/util-body-length-node@^3.0.0":
  version "3.0.0"
  resolved "https://registry.yarnpkg.com/@smithy/util-body-length-node/-/util-body-length-node-3.0.0.tgz#99a291bae40d8932166907fe981d6a1f54298a6d"
  integrity sha512-Tj7pZ4bUloNUP6PzwhN7K386tmSmEET9QtQg0TgdNOnxhZvCssHji+oZTUIuzxECRfG8rdm2PMw2WCFs6eIYkA==
  dependencies:
    tslib "^2.6.2"

"@smithy/util-buffer-from@^2.2.0":
  version "2.2.0"
  resolved "https://registry.yarnpkg.com/@smithy/util-buffer-from/-/util-buffer-from-2.2.0.tgz#6fc88585165ec73f8681d426d96de5d402021e4b"
  integrity sha512-IJdWBbTcMQ6DA0gdNhh/BwrLkDR+ADW5Kr1aZmd4k3DIF6ezMV4R2NIAmT08wQJ3yUK82thHWmC/TnK/wpMMIA==
  dependencies:
    "@smithy/is-array-buffer" "^2.2.0"
    tslib "^2.6.2"

"@smithy/util-buffer-from@^3.0.0":
  version "3.0.0"
  resolved "https://registry.yarnpkg.com/@smithy/util-buffer-from/-/util-buffer-from-3.0.0.tgz#559fc1c86138a89b2edaefc1e6677780c24594e3"
  integrity sha512-aEOHCgq5RWFbP+UDPvPot26EJHjOC+bRgse5A8V3FSShqd5E5UN4qc7zkwsvJPPAVsf73QwYcHN1/gt/rtLwQA==
  dependencies:
    "@smithy/is-array-buffer" "^3.0.0"
    tslib "^2.6.2"

"@smithy/util-config-provider@^3.0.0":
  version "3.0.0"
  resolved "https://registry.yarnpkg.com/@smithy/util-config-provider/-/util-config-provider-3.0.0.tgz#62c6b73b22a430e84888a8f8da4b6029dd5b8efe"
  integrity sha512-pbjk4s0fwq3Di/ANL+rCvJMKM5bzAQdE5S/6RL5NXgMExFAi6UgQMPOm5yPaIWPpr+EOXKXRonJ3FoxKf4mCJQ==
  dependencies:
    tslib "^2.6.2"

"@smithy/util-defaults-mode-browser@^3.0.16":
  version "3.0.18"
  resolved "https://registry.yarnpkg.com/@smithy/util-defaults-mode-browser/-/util-defaults-mode-browser-3.0.18.tgz#c3904b71db96c9b99861fc2017fea503fcff12a4"
  integrity sha512-/eveCzU6Z6Yw8dlYQLA4rcK30XY0E4L3lD3QFHm59mzDaWYelrXE1rlynuT3J6qxv+5yNy3a1JuzhG5hk5hcmw==
  dependencies:
    "@smithy/property-provider" "^3.1.6"
    "@smithy/smithy-client" "^3.3.2"
    "@smithy/types" "^3.4.2"
    bowser "^2.11.0"
    tslib "^2.6.2"

"@smithy/util-defaults-mode-node@^3.0.16":
  version "3.0.18"
  resolved "https://registry.yarnpkg.com/@smithy/util-defaults-mode-node/-/util-defaults-mode-node-3.0.18.tgz#6b46911f2f749bb048cdc287d7237be9d58f4a6b"
  integrity sha512-9cfzRjArtOFPlTYRREJk00suUxVXTgbrzVncOyMRTUeMKnecG/YentLF3cORa+R6mUOMSrMSnT18jos1PKqK6Q==
  dependencies:
    "@smithy/config-resolver" "^3.0.8"
    "@smithy/credential-provider-imds" "^3.2.3"
    "@smithy/node-config-provider" "^3.1.7"
    "@smithy/property-provider" "^3.1.6"
    "@smithy/smithy-client" "^3.3.2"
    "@smithy/types" "^3.4.2"
    tslib "^2.6.2"

"@smithy/util-endpoints@^2.1.0":
  version "2.1.2"
  resolved "https://registry.yarnpkg.com/@smithy/util-endpoints/-/util-endpoints-2.1.2.tgz#e1d789d598da9ab955b8cf3257ab2f263c35031a"
  integrity sha512-FEISzffb4H8DLzGq1g4MuDpcv6CIG15fXoQzDH9SjpRJv6h7J++1STFWWinilG0tQh9H1v2UKWG19Jjr2B16zQ==
  dependencies:
    "@smithy/node-config-provider" "^3.1.7"
    "@smithy/types" "^3.4.2"
    tslib "^2.6.2"

"@smithy/util-hex-encoding@^3.0.0":
  version "3.0.0"
  resolved "https://registry.yarnpkg.com/@smithy/util-hex-encoding/-/util-hex-encoding-3.0.0.tgz#32938b33d5bf2a15796cd3f178a55b4155c535e6"
  integrity sha512-eFndh1WEK5YMUYvy3lPlVmYY/fZcQE1D8oSf41Id2vCeIkKJXPcYDCZD+4+xViI6b1XSd7tE+s5AmXzz5ilabQ==
  dependencies:
    tslib "^2.6.2"

"@smithy/util-middleware@^3.0.4", "@smithy/util-middleware@^3.0.6":
  version "3.0.6"
  resolved "https://registry.yarnpkg.com/@smithy/util-middleware/-/util-middleware-3.0.6.tgz#463c41e74d6e8d758f6cceba4dbed4dc5a4afe50"
  integrity sha512-BxbX4aBhI1O9p87/xM+zWy0GzT3CEVcXFPBRDoHAM+pV0eSW156pR+PSYEz0DQHDMYDsYAflC2bQNz2uaDBUZQ==
  dependencies:
    "@smithy/types" "^3.4.2"
    tslib "^2.6.2"

"@smithy/util-retry@^3.0.4", "@smithy/util-retry@^3.0.6":
  version "3.0.6"
  resolved "https://registry.yarnpkg.com/@smithy/util-retry/-/util-retry-3.0.6.tgz#297de1cd5a836fb957ab2ad3439041e848815499"
  integrity sha512-BRZiuF7IwDntAbevqMco67an0Sr9oLQJqqRCsSPZZHYRnehS0LHDAkJk/pSmI7Z8c/1Vet294H7fY2fWUgB+Rg==
  dependencies:
    "@smithy/service-error-classification" "^3.0.6"
    "@smithy/types" "^3.4.2"
    tslib "^2.6.2"

"@smithy/util-stream@^3.1.4", "@smithy/util-stream@^3.1.6":
  version "3.1.6"
  resolved "https://registry.yarnpkg.com/@smithy/util-stream/-/util-stream-3.1.6.tgz#424dbb4e321129807e5fb01d961ef902ee7c04f8"
  integrity sha512-lQEUfTx1ht5CRdvIjdAN/gUL6vQt2wSARGGLaBHNe+iJSkRHlWzY+DOn0mFTmTgyU3jcI5n9DkT5gTzYuSOo6A==
  dependencies:
    "@smithy/fetch-http-handler" "^3.2.7"
    "@smithy/node-http-handler" "^3.2.2"
    "@smithy/types" "^3.4.2"
    "@smithy/util-base64" "^3.0.0"
    "@smithy/util-buffer-from" "^3.0.0"
    "@smithy/util-hex-encoding" "^3.0.0"
    "@smithy/util-utf8" "^3.0.0"
    tslib "^2.6.2"

"@smithy/util-uri-escape@^3.0.0":
  version "3.0.0"
  resolved "https://registry.yarnpkg.com/@smithy/util-uri-escape/-/util-uri-escape-3.0.0.tgz#e43358a78bf45d50bb736770077f0f09195b6f54"
  integrity sha512-LqR7qYLgZTD7nWLBecUi4aqolw8Mhza9ArpNEQ881MJJIU2sE5iHCK6TdyqqzcDLy0OPe10IY4T8ctVdtynubg==
  dependencies:
    tslib "^2.6.2"

"@smithy/util-utf8@^2.0.0":
  version "2.3.0"
  resolved "https://registry.yarnpkg.com/@smithy/util-utf8/-/util-utf8-2.3.0.tgz#dd96d7640363259924a214313c3cf16e7dd329c5"
  integrity sha512-R8Rdn8Hy72KKcebgLiv8jQcQkXoLMOGGv5uI1/k0l+snqkOzQ1R0ChUBCxWMlBsFMekWjq0wRudIweFs7sKT5A==
  dependencies:
    "@smithy/util-buffer-from" "^2.2.0"
    tslib "^2.6.2"

"@smithy/util-utf8@^3.0.0":
  version "3.0.0"
  resolved "https://registry.yarnpkg.com/@smithy/util-utf8/-/util-utf8-3.0.0.tgz#1a6a823d47cbec1fd6933e5fc87df975286d9d6a"
  integrity sha512-rUeT12bxFnplYDe815GXbq/oixEGHfRFFtcTF3YdDi/JaENIM6aSYYLJydG83UNzLXeRI5K8abYd/8Sp/QM0kA==
  dependencies:
    "@smithy/util-buffer-from" "^3.0.0"
    tslib "^2.6.2"

"@smithy/util-waiter@^3.1.3":
  version "3.1.5"
  resolved "https://registry.yarnpkg.com/@smithy/util-waiter/-/util-waiter-3.1.5.tgz#56b3a0fa6498ed22dfee7f40c64d13a54dd04fcc"
  integrity sha512-jYOSvM3H6sZe3CHjzD2VQNCjWBJs+4DbtwBMvUp9y5EnnwNa7NQxTeYeQw0CKCAdGGZ3QvVkyJmvbvs5M/B10A==
  dependencies:
    "@smithy/abort-controller" "^3.1.4"
    "@smithy/types" "^3.4.2"
    tslib "^2.6.2"

bowser@^2.11.0:
  version "2.11.0"
  resolved "https://registry.yarnpkg.com/bowser/-/bowser-2.11.0.tgz#5ca3c35757a7aa5771500c70a73a9f91ef420a8f"
  integrity sha512-AlcaJBi/pqqJBIQ8U9Mcpc9i8Aqxn88Skv5d+xBX006BY5u8N3mGLHa5Lgppa7L/HfwgwLgZ6NYs+Ag6uUmJRA==

fast-xml-parser@4.4.1:
  version "4.4.1"
  resolved "https://registry.yarnpkg.com/fast-xml-parser/-/fast-xml-parser-4.4.1.tgz#86dbf3f18edf8739326447bcaac31b4ae7f6514f"
  integrity sha512-xkjOecfnKGkSsOwtZ5Pz7Us/T6mrbPQrq0nh+aCO5V9nk5NLWmasAHumTKjiPJPWANe+kAZ84Jc8ooJkzZ88Sw==
  dependencies:
    strnum "^1.0.5"

strnum@^1.0.5:
  version "1.0.5"
  resolved "https://registry.yarnpkg.com/strnum/-/strnum-1.0.5.tgz#5c4e829fe15ad4ff0d20c3db5ac97b73c9b072db"
  integrity sha512-J8bbNyKKXl5qYcR36TIO8W3mVGVHrmmxsd5PAItGkmyzwJvybiw2IVq5nqd0i4LSNSkB/sx9VHllbfFdr9k1JA==

tslib@^2.6.2:
  version "2.7.0"
  resolved "https://registry.yarnpkg.com/tslib/-/tslib-2.7.0.tgz#d9b40c5c40ab59e8738f297df3087bf1a2690c01"
  integrity sha512-gLXCKdN1/j47AiHiOkJN69hJmcbGTHI0ImLmbYLHykhgeN0jVGola9yVjFgzCUklsZQMW55o+dW7IXv3RCXDzA==

uuid@^9.0.1:
  version "9.0.1"
  resolved "https://registry.yarnpkg.com/uuid/-/uuid-9.0.1.tgz#e188d4c8853cc722220392c424cd637f32293f30"
  integrity sha512-b+1eJOlsR9K8HJpow9Ok3fiWOWSIcIzXodvv0rQjVoOVNpWMpxf1wZNpt4y9h10odCNrqnYp1OBzRktckBe3sA==
